
Microsoft Visual Studio Solution File, Format Version 12.00
# Visual Studio Version 17
VisualStudioVersion = 17.13.35913.81
MinimumVisualStudioVersion = 10.0.40219.1
Project("{2150E333-8FDC-42A3-9474-1A3956D46DE8}") = "FrontEnd", "FrontEnd", "{02EA681E-C7D8-13C7-8484-4AC65E1B71E8}"
EndProject
Project("{2150E333-8FDC-42A3-9474-1A3956D46DE8}") = "Services", "Services", "{7FA5BCCB-EAD5-4B27-BDF5-DB7058ECEB19}"
EndProject
Project("{2150E333-8FDC-42A3-9474-1A3956D46DE8}") = "Gateway", "Gateway", "{0ADB87F2-9E6B-45D8-B7AD-E3CCBDA9485C}"
EndProject
Project("{2150E333-8FDC-42A3-9474-1A3956D46DE8}") = "Integration", "Integration", "{BB034F04-6A7E-4118-9903-BF65FCCDB0A8}"
EndProject
Project("{FAE04EC0-301F-11D3-BF4B-00C04F79EFBC}") = "CustomerAPI", "CustomerAPI\CustomerAPI.csproj", "{F038C057-8D6D-49F4-9B93-7C172179EB28}"
EndProject
Project("{FAE04EC0-301F-11D3-BF4B-00C04F79EFBC}") = "VendorsAPI", "VendorsAPI\VendorsAPI.csproj", "{60ACC4C4-8FA8-4BC9-8803-4F7DE89B4B6B}"
EndProject
Project("{FAE04EC0-301F-11D3-BF4B-00C04F79EFBC}") = "EventManagingAPI", "EventManagingAPI\EventManagingAPI.csproj", "{69ED0A44-2067-4177-8301-2CF5F62929D0}"
EndProject
Project("{FAE04EC0-301F-11D3-BF4B-00C04F79EFBC}") = "GatewayAPI", "GatewayAPI\GatewayAPI.csproj", "{4EC421C1-FCC9-47AB-9A81-50A200243986}"
EndProject
Project("{FAE04EC0-301F-11D3-BF4B-00C04F79EFBC}") = "AdminAPI", "AdminAPI\AdminAPI.csproj", "{A3B8BDF2-8582-4004-ACEF-9789ACFBCF27}"
EndProject
Project("{FAE04EC0-301F-11D3-BF4B-00C04F79EFBC}") = "AuthAPI", "AuthAPI\AuthAPI.csproj", "{CC3C3F62-DD44-8AAA-D9A5-136649C4F0EB}"
EndProject
Project("{FAE04EC0-301F-11D3-BF4B-00C04F79EFBC}") = "GlobalAPI", "GlobalAPI\GlobalAPI.csproj", "{BEF0EEBC-231E-47F9-A46E-4B1C19AA3399}"
EndProject
Global
	GlobalSection(SolutionConfigurationPlatforms) = preSolution
		Debug|Any CPU = Debug|Any CPU
		Release|Any CPU = Release|Any CPU
	EndGlobalSection
	GlobalSection(ProjectConfigurationPlatforms) = postSolution
		{F038C057-8D6D-49F4-9B93-7C172179EB28}.Debug|Any CPU.ActiveCfg = Debug|Any CPU
		{F038C057-8D6D-49F4-9B93-7C172179EB28}.Debug|Any CPU.Build.0 = Debug|Any CPU
		{F038C057-8D6D-49F4-9B93-7C172179EB28}.Release|Any CPU.ActiveCfg = Release|Any CPU
		{F038C057-8D6D-49F4-9B93-7C172179EB28}.Release|Any CPU.Build.0 = Release|Any CPU
		{60ACC4C4-8FA8-4BC9-8803-4F7DE89B4B6B}.Debug|Any CPU.ActiveCfg = Debug|Any CPU
		{60ACC4C4-8FA8-4BC9-8803-4F7DE89B4B6B}.Debug|Any CPU.Build.0 = Debug|Any CPU
		{60ACC4C4-8FA8-4BC9-8803-4F7DE89B4B6B}.Release|Any CPU.ActiveCfg = Release|Any CPU
		{60ACC4C4-8FA8-4BC9-8803-4F7DE89B4B6B}.Release|Any CPU.Build.0 = Release|Any CPU
		{69ED0A44-2067-4177-8301-2CF5F62929D0}.Debug|Any CPU.ActiveCfg = Debug|Any CPU
		{69ED0A44-2067-4177-8301-2CF5F62929D0}.Debug|Any CPU.Build.0 = Debug|Any CPU
		{69ED0A44-2067-4177-8301-2CF5F62929D0}.Release|Any CPU.ActiveCfg = Release|Any CPU
		{69ED0A44-2067-4177-8301-2CF5F62929D0}.Release|Any CPU.Build.0 = Release|Any CPU
		{4EC421C1-FCC9-47AB-9A81-50A200243986}.Debug|Any CPU.ActiveCfg = Debug|Any CPU
		{4EC421C1-FCC9-47AB-9A81-50A200243986}.Debug|Any CPU.Build.0 = Debug|Any CPU
		{4EC421C1-FCC9-47AB-9A81-50A200243986}.Release|Any CPU.ActiveCfg = Release|Any CPU
		{4EC421C1-FCC9-47AB-9A81-50A200243986}.Release|Any CPU.Build.0 = Release|Any CPU
		{A3B8BDF2-8582-4004-ACEF-9789ACFBCF27}.Debug|Any CPU.ActiveCfg = Debug|Any CPU
		{A3B8BDF2-8582-4004-ACEF-9789ACFBCF27}.Debug|Any CPU.Build.0 = Debug|Any CPU
		{A3B8BDF2-8582-4004-ACEF-9789ACFBCF27}.Release|Any CPU.ActiveCfg = Release|Any CPU
		{A3B8BDF2-8582-4004-ACEF-9789ACFBCF27}.Release|Any CPU.Build.0 = Release|Any CPU
		{CC3C3F62-DD44-8AAA-D9A5-136649C4F0EB}.Debug|Any CPU.ActiveCfg = Debug|Any CPU
		{CC3C3F62-DD44-8AAA-D9A5-136649C4F0EB}.Debug|Any CPU.Build.0 = Debug|Any CPU
		{CC3C3F62-DD44-8AAA-D9A5-136649C4F0EB}.Release|Any CPU.ActiveCfg = Release|Any CPU
		{CC3C3F62-DD44-8AAA-D9A5-136649C4F0EB}.Release|Any CPU.Build.0 = Release|Any CPU
		{BEF0EEBC-231E-47F9-A46E-4B1C19AA3399}.Debug|Any CPU.ActiveCfg = Debug|Any CPU
		{BEF0EEBC-231E-47F9-A46E-4B1C19AA3399}.Debug|Any CPU.Build.0 = Debug|Any CPU
		{BEF0EEBC-231E-47F9-A46E-4B1C19AA3399}.Release|Any CPU.ActiveCfg = Release|Any CPU
		{BEF0EEBC-231E-47F9-A46E-4B1C19AA3399}.Release|Any CPU.Build.0 = Release|Any CPU
	EndGlobalSection
	GlobalSection(SolutionProperties) = preSolution
		HideSolutionNode = FALSE
	EndGlobalSection
	GlobalSection(NestedProjects) = preSolution
		{F038C057-8D6D-49F4-9B93-7C172179EB28} = {7FA5BCCB-EAD5-4B27-BDF5-DB7058ECEB19}
		{60ACC4C4-8FA8-4BC9-8803-4F7DE89B4B6B} = {7FA5BCCB-EAD5-4B27-BDF5-DB7058ECEB19}
		{69ED0A44-2067-4177-8301-2CF5F62929D0} = {7FA5BCCB-EAD5-4B27-BDF5-DB7058ECEB19}
		{4EC421C1-FCC9-47AB-9A81-50A200243986} = {0ADB87F2-9E6B-45D8-B7AD-E3CCBDA9485C}
		{A3B8BDF2-8582-4004-ACEF-9789ACFBCF27} = {7FA5BCCB-EAD5-4B27-BDF5-DB7058ECEB19}
		{CC3C3F62-DD44-8AAA-D9A5-136649C4F0EB} = {7FA5BCCB-EAD5-4B27-BDF5-DB7058ECEB19}
		{BEF0EEBC-231E-47F9-A46E-4B1C19AA3399} = {7FA5BCCB-EAD5-4B27-BDF5-DB7058ECEB19}
	EndGlobalSection
	GlobalSection(ExtensibilityGlobals) = postSolution
		SolutionGuid = {1C03D227-8673-4E20-8657-89F931C81C68}
	EndGlobalSection
EndGlobal
